
Microsoft Visual Studio Solution File, Format Version 12.00
# Visual Studio Version 17
VisualStudioVersion = 17.10.34928.147
MinimumVisualStudioVersion = 10.0.40219.1
Project("{C9674DCB-5085-4A16-B785-4C70DD1589BD}") = "EstruturaBasicaProjetoBI", "EstruturaBasicaProjetoBI.dtproj", "{BA86C4BE-EEFC-4575-9671-0F006945413B}"
EndProject
Project("{2150E333-8FDC-42A3-9474-1A3956D46DE8}") = "Projetos", "Projetos", "{DF8E2561-A1C1-4CED-9FC4-C70B12DEF20B}"
EndProject
Project("{C9674DCB-5085-4A16-B785-4C70DD1589BD}") = "PacotesExternos", "..\PacotesExternos\PacotesExternos.dtproj", "{78BF8900-957D-4D2E-98C1-3CB039EAF416}"
EndProject
Project("{C9674DCB-5085-4A16-B785-4C70DD1589BD}") = "Vendas", "..\Vendas\Vendas.dtproj", "{34F59EB2-62E1-4990-A992-25D1547C3EA8}"
EndProject
Project("{C9674DCB-5085-4A16-B785-4C70DD1589BD}") = "Executavel", "..\Executavel\Executavel.dtproj", "{483EA083-8A47-4AC7-803D-1ACCF863FF74}"
EndProject
Global
	GlobalSection(SolutionConfigurationPlatforms) = preSolution
		Development|Default = Development|Default
	EndGlobalSection
	GlobalSection(ProjectConfigurationPlatforms) = postSolution
		{BA86C4BE-EEFC-4575-9671-0F006945413B}.Development|Default.ActiveCfg = Development
		{BA86C4BE-EEFC-4575-9671-0F006945413B}.Development|Default.Build.0 = Development
		{78BF8900-957D-4D2E-98C1-3CB039EAF416}.Development|Default.ActiveCfg = Development
		{78BF8900-957D-4D2E-98C1-3CB039EAF416}.Development|Default.Build.0 = Development
		{34F59EB2-62E1-4990-A992-25D1547C3EA8}.Development|Default.ActiveCfg = Development
		{34F59EB2-62E1-4990-A992-25D1547C3EA8}.Development|Default.Build.0 = Development
		{483EA083-8A47-4AC7-803D-1ACCF863FF74}.Development|Default.ActiveCfg = Development
		{483EA083-8A47-4AC7-803D-1ACCF863FF74}.Development|Default.Build.0 = Development
	EndGlobalSection
	GlobalSection(SolutionProperties) = preSolution
		HideSolutionNode = FALSE
	EndGlobalSection
	GlobalSection(NestedProjects) = preSolution
		{BA86C4BE-EEFC-4575-9671-0F006945413B} = {DF8E2561-A1C1-4CED-9FC4-C70B12DEF20B}
		{78BF8900-957D-4D2E-98C1-3CB039EAF416} = {DF8E2561-A1C1-4CED-9FC4-C70B12DEF20B}
		{34F59EB2-62E1-4990-A992-25D1547C3EA8} = {DF8E2561-A1C1-4CED-9FC4-C70B12DEF20B}
		{483EA083-8A47-4AC7-803D-1ACCF863FF74} = {DF8E2561-A1C1-4CED-9FC4-C70B12DEF20B}
	EndGlobalSection
	GlobalSection(ExtensibilityGlobals) = postSolution
		SolutionGuid = {B4D95EA8-BFBC-489C-9C6C-A491F209B410}
	EndGlobalSection
EndGlobal
